Microsoft Visual Studio Solution File, Format Version 10.00
# Visual Studio 2008
Project("{8BC9CEB8-8B4A-11D0-8D11-00A0C91BC942}") = "ContactList", "ContactList.vcproj", "{E2F168AD-85C0-411A-80E1-BE30E42B549C}"
EndProject
Project("{8BC9CEB8-8B4A-11D0-8D11-00A0C91BC942}") = "Test", "Test\Test.vcproj", "{C4736F5D-1ACF-4F1C-B2F4-375916E05CAA}"
EndProject
Global
	GlobalSection(SolutionConfigurationPlatforms) = preSolution
		Debug|Win32 = Debug|Win32
		Release|Win32 = Release|Win32
	EndGlobalSection
	GlobalSection(ProjectConfigurationPlatforms) = postSolution
		{E2F168AD-85C0-411A-80E1-BE30E42B549C}.Debug|Win32.ActiveCfg = Debug|Win32
		{E2F168AD-85C0-411A-80E1-BE30E42B549C}.Debug|Win32.Build.0 = Debug|Win32
		{E2F168AD-85C0-411A-80E1-BE30E42B549C}.Release|Win32.ActiveCfg = Release|Win32
		{E2F168AD-85C0-411A-80E1-BE30E42B549C}.Release|Win32.Build.0 = Release|Win32
		{C4736F5D-1ACF-4F1C-B2F4-375916E05CAA}.Debug|Win32.ActiveCfg = Debug|Win32
		{C4736F5D-1ACF-4F1C-B2F4-375916E05CAA}.Debug|Win32.Build.0 = Debug|Win32
		{C4736F5D-1ACF-4F1C-B2F4-375916E05CAA}.Release|Win32.ActiveCfg = Release|Win32
		{C4736F5D-1ACF-4F1C-B2F4-375916E05CAA}.Release|Win32.Build.0 = Release|Win32
	EndGlobalSection
	GlobalSection(SolutionProperties) = preSolution
		HideSolutionNode = FALSE
	EndGlobalSection
EndGlobal
